
Microsoft Visual Studio Solution File, Format Version 12.00
# Visual Studio Version 17
VisualStudioVersion = 17.10.35027.167
MinimumVisualStudioVersion = 10.0.40219.1
Project("{FAE04EC0-301F-11D3-BF4B-00C04F79EFBC}") = "ProjetoFinal231445E231224", "ProjetoFinal231445E231224\ProjetoFinal231445E231224.csproj", "{D2FFB1C7-FDA1-436C-881A-483CE5893133}"
EndProject
Global
	GlobalSection(SolutionConfigurationPlatforms) = preSolution
		Debug|Any CPU = Debug|Any CPU
		Release|Any CPU = Release|Any CPU
	EndGlobalSection
	GlobalSection(ProjectConfigurationPlatforms) = postSolution
		{D2FFB1C7-FDA1-436C-881A-483CE5893133}.Debug|Any CPU.ActiveCfg = Debug|Any CPU
		{D2FFB1C7-FDA1-436C-881A-483CE5893133}.Debug|Any CPU.Build.0 = Debug|Any CPU
		{D2FFB1C7-FDA1-436C-881A-483CE5893133}.Release|Any CPU.ActiveCfg = Release|Any CPU
		{D2FFB1C7-FDA1-436C-881A-483CE5893133}.Release|Any CPU.Build.0 = Release|Any CPU
	EndGlobalSection
	GlobalSection(SolutionProperties) = preSolution
		HideSolutionNode = FALSE
	EndGlobalSection
	GlobalSection(ExtensibilityGlobals) = postSolution
		SolutionGuid = {51DABFA8-C084-4473-BDDC-C57CF270AF07}
	EndGlobalSection
EndGlobal
